
Microsoft Visual Studio Solution File, Format Version 12.00
# Visual Studio 15
VisualStudioVersion = 15.0.27130.2027
MinimumVisualStudioVersion = 10.0.40219.1
Project("{FAE04EC0-301F-11D3-BF4B-00C04F79EFBC}") = "Hospital System", "Hospital System\Hospital System.csproj", "{1B4F986C-2967-4136-85C4-9A3DA86499C7}"
EndProject
Global
	GlobalSection(SolutionConfigurationPlatforms) = preSolution
		Debug|Any CPU = Debug|Any CPU
		Release|Any CPU = Release|Any CPU
	EndGlobalSection
	GlobalSection(ProjectConfigurationPlatforms) = postSolution
		{1B4F986C-2967-4136-85C4-9A3DA86499C7}.Debug|Any CPU.ActiveCfg = Debug|Any CPU
		{1B4F986C-2967-4136-85C4-9A3DA86499C7}.Debug|Any CPU.Build.0 = Debug|Any CPU
		{1B4F986C-2967-4136-85C4-9A3DA86499C7}.Release|Any CPU.ActiveCfg = Release|Any CPU
		{1B4F986C-2967-4136-85C4-9A3DA86499C7}.Release|Any CPU.Build.0 = Release|Any CPU
	EndGlobalSection
	GlobalSection(SolutionProperties) = preSolution
		HideSolutionNode = FALSE
	EndGlobalSection
	GlobalSection(ExtensibilityGlobals) = postSolution
		SolutionGuid = {3F955609-0E4F-41E2-82F7-874F5DBD5098}
	EndGlobalSection
EndGlobal
